
Microsoft Visual Studio Solution File, Format Version 12.00
# Visual Studio 15
VisualStudioVersion = 15.0.27703.2047
MinimumVisualStudioVersion = 10.0.40219.1
Project("{FAE04EC0-301F-11D3-BF4B-00C04F79EFBC}") = "Minutes", "Minutes\Minutes.csproj", "{0CD92D9E-4B34-4910-AE32-545B6CA45B86}"
EndProject
Global
	GlobalSection(SolutionConfigurationPlatforms) = preSolution
		Debug|Any CPU = Debug|Any CPU
		Release|Any CPU = Release|Any CPU
	EndGlobalSection
	GlobalSection(ProjectConfigurationPlatforms) = postSolution
		{0CD92D9E-4B34-4910-AE32-545B6CA45B86}.Debug|Any CPU.ActiveCfg = Debug|Any CPU
		{0CD92D9E-4B34-4910-AE32-545B6CA45B86}.Debug|Any CPU.Build.0 = Debug|Any CPU
		{0CD92D9E-4B34-4910-AE32-545B6CA45B86}.Release|Any CPU.ActiveCfg = Release|Any CPU
		{0CD92D9E-4B34-4910-AE32-545B6CA45B86}.Release|Any CPU.Build.0 = Release|Any CPU
	EndGlobalSection
	GlobalSection(SolutionProperties) = preSolution
		HideSolutionNode = FALSE
	EndGlobalSection
	GlobalSection(ExtensibilityGlobals) = postSolution
		SolutionGuid = {640A94FC-5C86-4008-B7C0-8E64D2B06C9C}
	EndGlobalSection
EndGlobal
